
Microsoft Visual Studio Solution File, Format Version 12.00
# Visual Studio 15
VisualStudioVersion = 15.0.26124.0
MinimumVisualStudioVersion = 15.0.26124.0
Project("{2150E333-8FDC-42A3-9474-1A3956D46DE8}") = "src", "src", "{069740B8-C57C-4E90-B76E-F0D8A8A81BD1}"
EndProject
Project("{FAE04EC0-301F-11D3-BF4B-00C04F79EFBC}") = "CSharpMvcGoogleMapWithMarkers.Mvc", "src\CSharpMvcGoogleMapWithMarkers.Mvc\CSharpMvcGoogleMapWithMarkers.Mvc.csproj", "{79CD89EB-E76E-490B-A71F-7503E76E6D4A}"
EndProject
Global
	GlobalSection(SolutionConfigurationPlatforms) = preSolution
		Debug|Any CPU = Debug|Any CPU
		Debug|x64 = Debug|x64
		Debug|x86 = Debug|x86
		Release|Any CPU = Release|Any CPU
		Release|x64 = Release|x64
		Release|x86 = Release|x86
	EndGlobalSection
	GlobalSection(SolutionProperties) = preSolution
		HideSolutionNode = FALSE
	EndGlobalSection
	GlobalSection(ProjectConfigurationPlatforms) = postSolution
		{79CD89EB-E76E-490B-A71F-7503E76E6D4A}.Debug|Any CPU.ActiveCfg = Debug|Any CPU
		{79CD89EB-E76E-490B-A71F-7503E76E6D4A}.Debug|Any CPU.Build.0 = Debug|Any CPU
		{79CD89EB-E76E-490B-A71F-7503E76E6D4A}.Debug|x64.ActiveCfg = Debug|Any CPU
		{79CD89EB-E76E-490B-A71F-7503E76E6D4A}.Debug|x64.Build.0 = Debug|Any CPU
		{79CD89EB-E76E-490B-A71F-7503E76E6D4A}.Debug|x86.ActiveCfg = Debug|Any CPU
		{79CD89EB-E76E-490B-A71F-7503E76E6D4A}.Debug|x86.Build.0 = Debug|Any CPU
		{79CD89EB-E76E-490B-A71F-7503E76E6D4A}.Release|Any CPU.ActiveCfg = Release|Any CPU
		{79CD89EB-E76E-490B-A71F-7503E76E6D4A}.Release|Any CPU.Build.0 = Release|Any CPU
		{79CD89EB-E76E-490B-A71F-7503E76E6D4A}.Release|x64.ActiveCfg = Release|Any CPU
		{79CD89EB-E76E-490B-A71F-7503E76E6D4A}.Release|x64.Build.0 = Release|Any CPU
		{79CD89EB-E76E-490B-A71F-7503E76E6D4A}.Release|x86.ActiveCfg = Release|Any CPU
		{79CD89EB-E76E-490B-A71F-7503E76E6D4A}.Release|x86.Build.0 = Release|Any CPU
	EndGlobalSection
	GlobalSection(NestedProjects) = preSolution
		{79CD89EB-E76E-490B-A71F-7503E76E6D4A} = {069740B8-C57C-4E90-B76E-F0D8A8A81BD1}
	EndGlobalSection
EndGlobal
